{
  "version": "4",
  "redirects": {
    "https://esm.sh/@types/combined-stream@~1.0.6/index.d.ts": "https://esm.sh/@types/combined-stream@1.0.6/index.d.ts",
    "https://esm.sh/@types/debug@~4.1.12/index.d.ts": "https://esm.sh/@types/debug@4.1.12/index.d.ts",
    "https://esm.sh/@types/follow-redirects@~1.14.4/index.d.ts": "https://esm.sh/@types/follow-redirects@1.14.4/index.d.ts",
    "https://esm.sh/@types/mime-types@~2.1.4/index.d.ts": "https://esm.sh/@types/mime-types@2.1.4/index.d.ts",
    "https://esm.sh/@types/proxy-from-env@~1.0.4/index.d.ts": "https://esm.sh/@types/proxy-from-env@1.0.4/index.d.ts",
    "https://esm.sh/asynckit@^0.4.0?target=denonext": "https://esm.sh/asynckit@0.4.0?target=denonext",
    "https://esm.sh/axios": "https://esm.sh/axios@1.7.9",
    "https://esm.sh/combined-stream@^1.0.8?target=denonext": "https://esm.sh/combined-stream@1.0.8?target=denonext",
    "https://esm.sh/debug?target=denonext": "https://esm.sh/debug@4.4.0?target=denonext",
    "https://esm.sh/delayed-stream@~1.0.0?target=denonext": "https://esm.sh/delayed-stream@1.0.0?target=denonext",
    "https://esm.sh/follow-redirects@^1.15.6?target=denonext": "https://esm.sh/follow-redirects@1.15.9?target=denonext",
    "https://esm.sh/form-data@^4.0.0?target=denonext": "https://esm.sh/form-data@4.0.2?target=denonext",
    "https://esm.sh/mime-types@^2.1.12?target=denonext": "https://esm.sh/mime-types@2.1.35?target=denonext",
    "https://esm.sh/ms@^2.1.3?target=denonext": "https://esm.sh/ms@2.1.3?target=denonext",
    "https://esm.sh/proxy-from-env@^1.1.0?target=denonext": "https://esm.sh/proxy-from-env@1.1.0?target=denonext",
    "https://esm.sh/supports-color?target=denonext": "https://esm.sh/supports-color@10.0.0?target=denonext"
  },
  "remote": {
    "https://deno.land/std@0.150.0/media_types/_util.ts": "ce9b4fc4ba1c447dafab619055e20fd88236ca6bdd7834a21f98bd193c3fbfa1",
    "https://deno.land/std@0.150.0/media_types/mod.ts": "2d4b6f32a087029272dc59e0a55ae3cc4d1b27b794ccf528e94b1925795b3118",
    "https://deno.land/std@0.150.0/media_types/vendor/mime-db.v1.52.0.ts": "724cee25fa40f1a52d3937d6b4fbbfdd7791ff55e1b7ac08d9319d5632c7f5af",
    "https://deno.land/x/xhr@0.3.0/mod.ts": "094aacd627fd9635cd942053bf8032b5223b909858fa9dc8ffa583752ff63b20",
    "https://esm.sh/asynckit@0.4.0/denonext/asynckit.mjs": "4ef3be6eb52c104699b90ca5524db55ec15bc76b361432f05c16b6106279ba72",
    "https://esm.sh/asynckit@0.4.0?target=denonext": "c6bd8832d6d16b648e22d124a16d33c3a7f7076e92be9444f2e4f6b27545708d",
    "https://esm.sh/axios@1.7.9": "4f0cb140ed6c9bb58e932561d61c212177daa22066290f95bda78784a675e546",
    "https://esm.sh/axios@1.7.9/denonext/axios.mjs": "85c4c6667562b8a7c13504d7d4691ad54c9099e97664314d791f0b1bc5c71b3a",
    "https://esm.sh/axios@1.7.9/denonext/lib/adapters/http.mjs": "07a1579baeebe644410f0cc820addc26efd5902fdea2d8a9a78faca9140157f4",
    "https://esm.sh/axios@1.7.9/denonext/lib/adapters/xhr.mjs": "d457e7263206ef1530700e504dfa239dfc6d4b7acc6ee307f282e7d9f478cee6",
    "https://esm.sh/axios@1.7.9/denonext/lib/cancel/CanceledError.mjs": "11a978f849567e51a3339fabf34affc0e37cb12a589d272f45ccb7ba5166bb00",
    "https://esm.sh/axios@1.7.9/denonext/lib/core/AxiosError.mjs": "08e3367ba5822f8d1d2371108110155ac8446c28783179bed612993ae39f2d7e",
    "https://esm.sh/axios@1.7.9/denonext/lib/core/AxiosHeaders.mjs": "72323f720e992ba1ac9cb9f5375efc11dcb93438410a9c30b00ecf02e01eeb40",
    "https://esm.sh/axios@1.7.9/denonext/lib/core/mergeConfig.mjs": "7abf8de8e52a6f111559f3e86a33a8c14c7c1e8dc2027affc6145f20941dd53a",
    "https://esm.sh/axios@1.7.9/denonext/lib/defaults/transitional.mjs": "3b86e7dcd9c1c958e36a9cf83931745dd104bf8567f895b6cf1feeccc3b7e7f2",
    "https://esm.sh/axios@1.7.9/denonext/lib/helpers/AxiosURLSearchParams.mjs": "5a70e97a03dfa2f00a98df190e9bb5cb82842a0753bb104707f2e21380f3166c",
    "https://esm.sh/axios@1.7.9/denonext/lib/helpers/bind.mjs": "566b3d76467f5b36ee1f7913ec3b47adaed3462a5140a8e5f45f3eb16ea95f25",
    "https://esm.sh/axios@1.7.9/denonext/lib/helpers/progressEventReducer.mjs": "6b78130bfb1f880dbf0a6f550e7d604da204cdcb08176522d2e3f68b34d2f792",
    "https://esm.sh/axios@1.7.9/denonext/lib/helpers/resolveConfig.mjs": "25a941d37a0c5e5e26453dc732f5cbf026d441b3acbf9ee6ab53fc53bd832948",
    "https://esm.sh/axios@1.7.9/denonext/lib/helpers/toFormData.mjs": "c896b5ff5735ff624c21ebe4fe2c33f79652ed0ebe08df57770324f529081601",
    "https://esm.sh/axios@1.7.9/denonext/lib/platform/index.mjs": "87ea40ce9fafb9d5cd85c0e7803e486a8d07c2ba962610649558c4766b4dbdd9",
    "https://esm.sh/axios@1.7.9/denonext/unsafe/core/buildFullPath.mjs": "ee3ae97c98b883f2e75be6e6e409e7832bc9073e7eab228e89ddf9de9e7e4fde",
    "https://esm.sh/axios@1.7.9/denonext/unsafe/core/settle.mjs": "eaacb0d46d199e3ae061be861de09f7c503958f9e1c92d7fdf46c084fbe2b5c6",
    "https://esm.sh/axios@1.7.9/denonext/unsafe/helpers/buildURL.mjs": "657552aceaccfd889ed8e54f5b73e286da8eedf6c140dbc2e6c7ee7cba294141",
    "https://esm.sh/axios@1.7.9/denonext/unsafe/helpers/combineURLs.mjs": "b93d3b205342682d357e1c78d0145638095005a5cb9a7e6684f7498adce0c1bd",
    "https://esm.sh/axios@1.7.9/denonext/unsafe/helpers/isAbsoluteURL.mjs": "05a644b2c55eabec8c3428ab40f6afad729a49bbe336361e9c27484a5db7fbfe",
    "https://esm.sh/axios@1.7.9/denonext/unsafe/utils.mjs": "630864dd3be1e536289d7abbe477a797dc39d19b8c097b48ef90842e84c291fa",
    "https://esm.sh/combined-stream@1.0.8/denonext/combined-stream.mjs": "364b91aa4c33e5f0b4075949d93a3407b21a8695031e7c2be29999d588f9ca2c",
    "https://esm.sh/combined-stream@1.0.8?target=denonext": "a0c89b8b29494e966774c7a708e33cc2df16a0bbe2279c841d088e169e7ab3c4",
    "https://esm.sh/debug@4.4.0/denonext/debug.mjs": "3077d1ff15cfc5b7baee65b0c00b3200aef8ab51ddddfa960972957c347c1cee",
    "https://esm.sh/debug@4.4.0?target=denonext": "dc29873ca5518385fcbddb2b2fa0f3b31dc6463ba52bdd790818683b9dbdc6ad",
    "https://esm.sh/delayed-stream@1.0.0/denonext/delayed-stream.mjs": "051a3501b7b3d3c593b78a2c7305093a8e363c518cd156f1a77117185e312abe",
    "https://esm.sh/delayed-stream@1.0.0?target=denonext": "d363b81e01f4c886114df14aa660c1a938bbb4be851ff12132260bed0db6126e",
    "https://esm.sh/follow-redirects@1.15.9/denonext/follow-redirects.mjs": "90866d22d80eface74d3161906835600fbb1d5c9ded05dc72fd55b40960cfce7",
    "https://esm.sh/follow-redirects@1.15.9?target=denonext": "c8028ec9d980a1974362377614a4978d1556ba85a75bc32526e8917bede535d1",
    "https://esm.sh/form-data@4.0.2/denonext/form-data.mjs": "ad3c492eef1c6153bcfa02eb3041894e8bc8e4aa241ad4d9bd53a385f36d2c6f",
    "https://esm.sh/form-data@4.0.2?target=denonext": "83cf111a2e6f0f7b6c045508635ceae449c5d43d8d22df23693e5b996cc65899",
    "https://esm.sh/mime-db@1.52.0/denonext/mime-db.mjs": "f93feb3d7150014b71bd0d06c5bd819db56a089b31b8b79a3b0466bb37ef005e",
    "https://esm.sh/mime-types@2.1.35/denonext/mime-types.mjs": "704bdb318816fe1360c90a196f7cb3ba6e25fe207707cc2df873f890ad2e5f44",
    "https://esm.sh/mime-types@2.1.35?target=denonext": "e4cc9a1aabecc1be22d194375ec3b99cc9d51700cc4629ab689975451c0a8ce5",
    "https://esm.sh/ms@2.1.3/denonext/ms.mjs": "9039464da1f4ae1c2042742d335c82556c048bbe49449b5d0cd5198193afa147",
    "https://esm.sh/ms@2.1.3?target=denonext": "36f5aa7503ff0ff44ce9e3155a60362d8d3ae5db8db048be5764a3a515b6a263",
    "https://esm.sh/proxy-from-env@1.1.0/denonext/proxy-from-env.mjs": "f60f9c79fc3baa07c13c800798d645ae70d1b2059b8d593dcd4f8c5710b50333",
    "https://esm.sh/proxy-from-env@1.1.0?target=denonext": "bf02a050a1a6aa56ddba25dbea2c355da294630e5c5520fddea4b2f30a9292bc",
    "https://esm.sh/supports-color@10.0.0/denonext/supports-color.mjs": "239cd39d0828e1a018dee102748da869b1b75c38fe6a9c0c8f0bd4ffbd3e1ea1",
    "https://esm.sh/supports-color@10.0.0?target=denonext": "4895255248e4ba0cbcce9437003dccf3658b1ac1d1e8eba5225fb8194c454ee1"
  },
  "workspace": {
    "packageJson": {
      "dependencies": [
        "npm:@radix-ui/react-checkbox@^1.1.1",
        "npm:@radix-ui/react-dropdown-menu@^2.1.1",
        "npm:@radix-ui/react-label@^2.1.0",
        "npm:@radix-ui/react-progress@^1.1.2",
        "npm:@radix-ui/react-select@^2.1.6",
        "npm:@radix-ui/react-slot@^1.1.0",
        "npm:@radix-ui/react-tooltip@^1.1.8",
        "npm:@react-google-maps/api@^2.20.6",
        "npm:@supabase/functions-js@^2.4.4",
        "npm:@supabase/ssr@latest",
        "npm:@supabase/supabase-js@latest",
        "npm:@types/node@22.10.2",
        "npm:@types/react-dom@19.0.2",
        "npm:@types/react@^19.0.2",
        "npm:autoprefixer@10.4.20",
        "npm:axios@^1.7.9",
        "npm:class-variance-authority@~0.7.1",
        "npm:clsx@^2.1.1",
        "npm:dayjs@^1.11.13",
        "npm:formik@^2.4.6",
        "npm:lucide-react@0.468",
        "npm:next-themes@~0.4.3",
        "npm:next@latest",
        "npm:openai@^4.85.2",
        "npm:postcss@8.4.49",
        "npm:prettier@^3.3.3",
        "npm:react-dom@19.0.0",
        "npm:react@19.0.0",
        "npm:supabase@^2.12.1",
        "npm:tailwind-merge@^2.6.0",
        "npm:tailwindcss-animate@^1.0.7",
        "npm:tailwindcss@3.4.17",
        "npm:typescript@5.7.2"
      ]
    }
  }
}
